
Microsoft Visual Studio Solution File, Format Version 9.00
# Visual Studio 2005
Project("{FAE04EC0-301F-11D3-BF4B-00C04F79EFBC}") = "egis", "ShapeFileTools\egis.csproj", "{9B44F499-6935-4FD7-8078-4FAEEEDA1CF4}"
EndProject
Project("{FAE04EC0-301F-11D3-BF4B-00C04F79EFBC}") = "EGIS.ShapeFileLib", "egis.ShapeFileLib\EGIS.ShapeFileLib.csproj", "{C89DEB9B-4DCA-4792-B216-F00808606AF7}"
EndProject
Project("{FAE04EC0-301F-11D3-BF4B-00C04F79EFBC}") = "EGIS.Controls", "egis.controls\EGIS.Controls.csproj", "{EB97525D-0906-4A14-A995-93667B565521}"
EndProject
Project("{2150E333-8FDC-42A3-9474-1A3956D46DE8}") = "Solution Items", "Solution Items", "{DBFB9E97-1251-4B26-BC51-24F6FE727759}"
EndProject
Global
	GlobalSection(SolutionConfigurationPlatforms) = preSolution
		Debug|Any CPU = Debug|Any CPU
		Debug|x64 = Debug|x64
		Debug|x86 = Debug|x86
		Release|Any CPU = Release|Any CPU
		Release|x64 = Release|x64
		Release|x86 = Release|x86
	EndGlobalSection
	GlobalSection(ProjectConfigurationPlatforms) = postSolution
		{9B44F499-6935-4FD7-8078-4FAEEEDA1CF4}.Debug|Any CPU.ActiveCfg = Debug|Any CPU
		{9B44F499-6935-4FD7-8078-4FAEEEDA1CF4}.Debug|Any CPU.Build.0 = Debug|Any CPU
		{9B44F499-6935-4FD7-8078-4FAEEEDA1CF4}.Debug|x64.ActiveCfg = Debug|x64
		{9B44F499-6935-4FD7-8078-4FAEEEDA1CF4}.Debug|x64.Build.0 = Debug|x64
		{9B44F499-6935-4FD7-8078-4FAEEEDA1CF4}.Debug|x86.ActiveCfg = Debug|x86
		{9B44F499-6935-4FD7-8078-4FAEEEDA1CF4}.Debug|x86.Build.0 = Debug|x86
		{9B44F499-6935-4FD7-8078-4FAEEEDA1CF4}.Release|Any CPU.ActiveCfg = Release|Any CPU
		{9B44F499-6935-4FD7-8078-4FAEEEDA1CF4}.Release|Any CPU.Build.0 = Release|Any CPU
		{9B44F499-6935-4FD7-8078-4FAEEEDA1CF4}.Release|x64.ActiveCfg = Release|x64
		{9B44F499-6935-4FD7-8078-4FAEEEDA1CF4}.Release|x64.Build.0 = Release|x64
		{9B44F499-6935-4FD7-8078-4FAEEEDA1CF4}.Release|x86.ActiveCfg = Release|x86
		{9B44F499-6935-4FD7-8078-4FAEEEDA1CF4}.Release|x86.Build.0 = Release|x86
		{C89DEB9B-4DCA-4792-B216-F00808606AF7}.Debug|Any CPU.ActiveCfg = Debug|Any CPU
		{C89DEB9B-4DCA-4792-B216-F00808606AF7}.Debug|Any CPU.Build.0 = Debug|Any CPU
		{C89DEB9B-4DCA-4792-B216-F00808606AF7}.Debug|x64.ActiveCfg = Debug|x64
		{C89DEB9B-4DCA-4792-B216-F00808606AF7}.Debug|x64.Build.0 = Debug|x64
		{C89DEB9B-4DCA-4792-B216-F00808606AF7}.Debug|x86.ActiveCfg = Debug|x86
		{C89DEB9B-4DCA-4792-B216-F00808606AF7}.Debug|x86.Build.0 = Debug|x86
		{C89DEB9B-4DCA-4792-B216-F00808606AF7}.Release|Any CPU.ActiveCfg = Release|Any CPU
		{C89DEB9B-4DCA-4792-B216-F00808606AF7}.Release|Any CPU.Build.0 = Release|Any CPU
		{C89DEB9B-4DCA-4792-B216-F00808606AF7}.Release|x64.ActiveCfg = Release|x64
		{C89DEB9B-4DCA-4792-B216-F00808606AF7}.Release|x64.Build.0 = Release|x64
		{C89DEB9B-4DCA-4792-B216-F00808606AF7}.Release|x86.ActiveCfg = Release|x86
		{C89DEB9B-4DCA-4792-B216-F00808606AF7}.Release|x86.Build.0 = Release|x86
		{EB97525D-0906-4A14-A995-93667B565521}.Debug|Any CPU.ActiveCfg = Debug|Any CPU
		{EB97525D-0906-4A14-A995-93667B565521}.Debug|Any CPU.Build.0 = Debug|Any CPU
		{EB97525D-0906-4A14-A995-93667B565521}.Debug|x64.ActiveCfg = Debug|x64
		{EB97525D-0906-4A14-A995-93667B565521}.Debug|x64.Build.0 = Debug|x64
		{EB97525D-0906-4A14-A995-93667B565521}.Debug|x86.ActiveCfg = Debug|x86
		{EB97525D-0906-4A14-A995-93667B565521}.Debug|x86.Build.0 = Debug|x86
		{EB97525D-0906-4A14-A995-93667B565521}.Release|Any CPU.ActiveCfg = Release|Any CPU
		{EB97525D-0906-4A14-A995-93667B565521}.Release|Any CPU.Build.0 = Release|Any CPU
		{EB97525D-0906-4A14-A995-93667B565521}.Release|x64.ActiveCfg = Release|x64
		{EB97525D-0906-4A14-A995-93667B565521}.Release|x64.Build.0 = Release|x64
		{EB97525D-0906-4A14-A995-93667B565521}.Release|x86.ActiveCfg = Release|x86
		{EB97525D-0906-4A14-A995-93667B565521}.Release|x86.Build.0 = Release|x86
	EndGlobalSection
	GlobalSection(SolutionProperties) = preSolution
		HideSolutionNode = FALSE
	EndGlobalSection
EndGlobal
